
Microsoft Visual Studio Solution File, Format Version 12.00
# Visual Studio Version 17
VisualStudioVersion = 17.14.36616.10 d17.14
MinimumVisualStudioVersion = 10.0.40219.1
Project("{FAE04EC0-301F-11D3-BF4B-00C04F79EFBC}") = "Domain", "Domain\Domain.csproj", "{00BEAED8-CBAF-4149-BCE7-5644085C0BF2}"
EndProject
Project("{FAE04EC0-301F-11D3-BF4B-00C04F79EFBC}") = "Data", "Data\Data.csproj", "{74F6C4A3-E7B2-4FB5-A636-1B8054827680}"
	ProjectSection(ProjectDependencies) = postProject
		{00BEAED8-CBAF-4149-BCE7-5644085C0BF2} = {00BEAED8-CBAF-4149-BCE7-5644085C0BF2}
	EndProjectSection
EndProject
Project("{FAE04EC0-301F-11D3-BF4B-00C04F79EFBC}") = "UI", "UI\UI.csproj", "{92A935D1-673A-4092-992F-BE12B4856913}"
	ProjectSection(ProjectDependencies) = postProject
		{00BEAED8-CBAF-4149-BCE7-5644085C0BF2} = {00BEAED8-CBAF-4149-BCE7-5644085C0BF2}
	EndProjectSection
EndProject
Project("{FAE04EC0-301F-11D3-BF4B-00C04F79EFBC}") = "CompositionRoot", "CompositionRoot\CompositionRoot.csproj", "{86AC0150-3D27-45D0-87C2-F0DBBC0C265E}"
	ProjectSection(ProjectDependencies) = postProject
		{00BEAED8-CBAF-4149-BCE7-5644085C0BF2} = {00BEAED8-CBAF-4149-BCE7-5644085C0BF2}
		{74F6C4A3-E7B2-4FB5-A636-1B8054827680} = {74F6C4A3-E7B2-4FB5-A636-1B8054827680}
	EndProjectSection
EndProject
Global
	GlobalSection(SolutionConfigurationPlatforms) = preSolution
		Debug|Any CPU = Debug|Any CPU
		Release|Any CPU = Release|Any CPU
	EndGlobalSection
	GlobalSection(ProjectConfigurationPlatforms) = postSolution
		{00BEAED8-CBAF-4149-BCE7-5644085C0BF2}.Debug|Any CPU.ActiveCfg = Debug|Any CPU
		{00BEAED8-CBAF-4149-BCE7-5644085C0BF2}.Debug|Any CPU.Build.0 = Debug|Any CPU
		{00BEAED8-CBAF-4149-BCE7-5644085C0BF2}.Release|Any CPU.ActiveCfg = Release|Any CPU
		{00BEAED8-CBAF-4149-BCE7-5644085C0BF2}.Release|Any CPU.Build.0 = Release|Any CPU
		{74F6C4A3-E7B2-4FB5-A636-1B8054827680}.Debug|Any CPU.ActiveCfg = Debug|Any CPU
		{74F6C4A3-E7B2-4FB5-A636-1B8054827680}.Debug|Any CPU.Build.0 = Debug|Any CPU
		{74F6C4A3-E7B2-4FB5-A636-1B8054827680}.Release|Any CPU.ActiveCfg = Release|Any CPU
		{74F6C4A3-E7B2-4FB5-A636-1B8054827680}.Release|Any CPU.Build.0 = Release|Any CPU
		{92A935D1-673A-4092-992F-BE12B4856913}.Debug|Any CPU.ActiveCfg = Debug|Any CPU
		{92A935D1-673A-4092-992F-BE12B4856913}.Debug|Any CPU.Build.0 = Debug|Any CPU
		{92A935D1-673A-4092-992F-BE12B4856913}.Release|Any CPU.ActiveCfg = Release|Any CPU
		{92A935D1-673A-4092-992F-BE12B4856913}.Release|Any CPU.Build.0 = Release|Any CPU
		{86AC0150-3D27-45D0-87C2-F0DBBC0C265E}.Debug|Any CPU.ActiveCfg = Debug|Any CPU
		{86AC0150-3D27-45D0-87C2-F0DBBC0C265E}.Debug|Any CPU.Build.0 = Debug|Any CPU
		{86AC0150-3D27-45D0-87C2-F0DBBC0C265E}.Release|Any CPU.ActiveCfg = Release|Any CPU
		{86AC0150-3D27-45D0-87C2-F0DBBC0C265E}.Release|Any CPU.Build.0 = Release|Any CPU
	EndGlobalSection
	GlobalSection(SolutionProperties) = preSolution
		HideSolutionNode = FALSE
	EndGlobalSection
	GlobalSection(ExtensibilityGlobals) = postSolution
		SolutionGuid = {500875BB-D9D1-4E63-B279-8E90FA935B90}
	EndGlobalSection
EndGlobal
